# THIS IS AN AUTOGENERATED FILE. DO NOT EDIT THIS FILE DIRECTLY.
# yarn lockfile v1


dateformat@1.0.7-1.2.3:
  version "1.0.7-1.2.3"
  resolved "http://registry.npm.taobao.org/dateformat/download/dateformat-1.0.7-1.2.3.tgz#ebb561bb7214ee57a8dc2687adab1d555de9419c"

ftpd@^0.2.15:
  version "0.2.15"
  resolved "http://registry.npm.taobao.org/ftpd/download/ftpd-0.2.15.tgz#877ead07ce6b5bd8b4c6e9ea270510924bbd099d"
  dependencies:
    dateformat "1.0.7-1.2.3"
